# Generated by pub
# See https://dart.dev/tools/pub/glossary#lockfile
packages:
  dash_kit_lints:
    dependency: "direct dev"
    description:
      path: ".."
      relative: true
    source: path
    version: "3.0.0"
  flutter_lints:
    dependency: transitive
    description:
      name: flutter_lints
      sha256: a25a15ebbdfc33ab1cd26c63a6ee519df92338a9c10f122adda92938253bef04
      url: "https://pub.dev"
    source: hosted
    version: "2.0.3"
  lints:
    dependency: transitive
    description:
      name: lints
      sha256: "5e4a9cd06d447758280a8ac2405101e0e2094d2a1dbdd3756aec3fe7775ba593"
      url: "https://pub.dev"
    source: hosted
    version: "2.0.1"
sdks:
  dart: ">=3.0.0 <4.0.0"
